
Microsoft Visual Studio Solution File, Format Version 12.00
# Visual Studio Version 17
VisualStudioVersion = 17.1.32414.318
MinimumVisualStudioVersion = 10.0.40219.1
Project("{FAE04EC0-301F-11D3-BF4B-00C04F79EFBC}") = "Rental_House_Backend", "Rental_House_Backend\Rental_House_Backend.csproj", "{4860DD2E-DC33-4060-8183-6A749E965918}"
EndProject
Global
	GlobalSection(SolutionConfigurationPlatforms) = preSolution
		Debug|Any CPU = Debug|Any CPU
		Release|Any CPU = Release|Any CPU
	EndGlobalSection
	GlobalSection(ProjectConfigurationPlatforms) = postSolution
		{4860DD2E-DC33-4060-8183-6A749E965918}.Debug|Any CPU.ActiveCfg = Debug|Any CPU
		{4860DD2E-DC33-4060-8183-6A749E965918}.Debug|Any CPU.Build.0 = Debug|Any CPU
		{4860DD2E-DC33-4060-8183-6A749E965918}.Release|Any CPU.ActiveCfg = Release|Any CPU
		{4860DD2E-DC33-4060-8183-6A749E965918}.Release|Any CPU.Build.0 = Release|Any CPU
	EndGlobalSection
	GlobalSection(SolutionProperties) = preSolution
		HideSolutionNode = FALSE
	EndGlobalSection
	GlobalSection(ExtensibilityGlobals) = postSolution
		SolutionGuid = {E4FC9222-3805-498E-9665-43B9F930B43F}
	EndGlobalSection
EndGlobal
